
Microsoft Visual Studio Solution File, Format Version 12.00
Project("{FAE04EC0-301F-11D3-BF4B-00C04F79EFBC}") = "LibCopy", "LibCopy\LibCopy.csproj", "{D083DB64-1913-4FAC-9894-1A66E4EFF86D}"
EndProject
Global
	GlobalSection(SolutionConfigurationPlatforms) = preSolution
		Debug|Any CPU = Debug|Any CPU
		Release|Any CPU = Release|Any CPU
	EndGlobalSection
	GlobalSection(ProjectConfigurationPlatforms) = postSolution
		{D083DB64-1913-4FAC-9894-1A66E4EFF86D}.Debug|Any CPU.ActiveCfg = Debug|Any CPU
		{D083DB64-1913-4FAC-9894-1A66E4EFF86D}.Debug|Any CPU.Build.0 = Debug|Any CPU
		{D083DB64-1913-4FAC-9894-1A66E4EFF86D}.Release|Any CPU.ActiveCfg = Release|Any CPU
		{D083DB64-1913-4FAC-9894-1A66E4EFF86D}.Release|Any CPU.Build.0 = Release|Any CPU
	EndGlobalSection
EndGlobal
